# Pinned dependency snapshot (Milestone I3; CI/RTD install source since K1).
# This file is what CI, ReadTheDocs, and the queue workers actually install —
# requirements.txt keeps the human-facing ranges and is NOT used by automation.
#
# Refresh WHEN: (a) you changed a range in requirements.txt, (b) a deliberate
# dependency upgrade, or (c) a security fix needs a newer pin. Never as a side
# effect of unrelated work.
# Refresh HOW (clean venv on Python 3.12, then commit lock + txt together):
#   python3.12 -m venv /tmp/lockenv && /tmp/lockenv/bin/pip install -r requirements.txt
#   /tmp/lockenv/bin/pip freeze --exclude-editable | grep -v '^#' > requirements.lock
#   (keep this header; CI proves the lock installs on Linux in the same PR)
accessible-pygments==0.0.5
alabaster==1.0.0
aliyun-python-sdk-core==2.16.0
aliyun-python-sdk-kms==2.16.5
babel==2.18.0
beautifulsoup4==4.15.0
certifi==2026.6.17
cffi==2.1.0
charset-normalizer==3.4.8
crcmod==1.7
cryptography==49.0.0
docutils==0.21.2
furo==2025.12.19
idna==3.18
imagesize==2.0.0
Jinja2==3.1.6
jmespath==0.10.0
markdown-it-py==3.0.0
MarkupSafe==3.0.3
mdit-py-plugins==0.6.1
mdurl==0.1.2
myst-parser==4.0.1
numpy==2.5.1
oss2==2.19.1
packaging==26.2
pillow==12.3.0
pycparser==3.0
pycryptodome==3.23.0
Pygments==2.20.0
pymupdf==1.28.0
PyYAML==6.0.3
requests==2.34.2
roman-numerals==4.1.0
roman-numerals-py==4.1.0
six==1.17.0
snowballstemmer==3.1.1
soupsieve==2.8.4
Sphinx==8.2.3
sphinx-basic-ng==1.0.0b2
sphinxcontrib-applehelp==2.0.0
sphinxcontrib-devhelp==2.0.0
sphinxcontrib-htmlhelp==2.1.0
sphinxcontrib-jsmath==1.0.1
sphinxcontrib-qthelp==2.0.0
sphinxcontrib-serializinghtml==2.0.0
typing_extensions==4.16.0
urllib3==2.7.0
